
Microsoft Visual Studio Solution File, Format Version 12.00
# Visual Studio 15
VisualStudioVersion = 15.0.28010.2026
MinimumVisualStudioVersion = 10.0.40219.1
Project("{FAE04EC0-301F-11D3-BF4B-00C04F79EFBC}") = "Generator_analizatoare_LL1", "Generator_analizatoare_LL1\Generator_analizatoare_LL1.csproj", "{56DD8B4F-B4D0-448A-850C-3937710599FD}"
EndProject
Global
	GlobalSection(SolutionConfigurationPlatforms) = preSolution
		Debug|Any CPU = Debug|Any CPU
		Release|Any CPU = Release|Any CPU
	EndGlobalSection
	GlobalSection(ProjectConfigurationPlatforms) = postSolution
		{56DD8B4F-B4D0-448A-850C-3937710599FD}.Debug|Any CPU.ActiveCfg = Debug|Any CPU
		{56DD8B4F-B4D0-448A-850C-3937710599FD}.Debug|Any CPU.Build.0 = Debug|Any CPU
		{56DD8B4F-B4D0-448A-850C-3937710599FD}.Release|Any CPU.ActiveCfg = Release|Any CPU
		{56DD8B4F-B4D0-448A-850C-3937710599FD}.Release|Any CPU.Build.0 = Release|Any CPU
	EndGlobalSection
	GlobalSection(SolutionProperties) = preSolution
		HideSolutionNode = FALSE
	EndGlobalSection
	GlobalSection(ExtensibilityGlobals) = postSolution
		SolutionGuid = {A6E81800-04A7-4037-8E3E-CC6DFA4E5100}
	EndGlobalSection
EndGlobal
